PODS:
  - MultiPlatformLibrary (1.1.1)

DEPENDENCIES:
  - MultiPlatformLibrary (from `../time`)

EXTERNAL SOURCES:
  MultiPlatformLibrary:
    :path: "../time"

SPEC CHECKSUMS:
  MultiPlatformLibrary: 7646197422cf2bb6adaac2c9f94a3076da07b7be

PODFILE CHECKSUM: d5664e5d5dc25c47731341eaf5aabcebf6c062df

COCOAPODS: 1.11.2
